Microsoft Visual Studio Solution File, Format Version 9.00
# Visual Studio 2005
Project("{8BC9CEB8-8B4A-11D0-8D11-00A0C91BC942}") = "NatureView Express", "NatureView Express.vcproj", "{7B515FA8-C5EE-432E-9AE5-B14E57977F43}"
EndProject
Global
	GlobalSection(SolutionConfigurationPlatforms) = preSolution
		Debug Static HJW|Win32 = Debug Static HJW|Win32
		Debug Static|Win32 = Debug Static|Win32
		Release Static HJW|Win32 = Release Static HJW|Win32
		Release Static|Win32 = Release Static|Win32
		RelStatDbg|Win32 = RelStatDbg|Win32
	EndGlobalSection
	GlobalSection(ProjectConfigurationPlatforms) = postSolution
		{7B515FA8-C5EE-432E-9AE5-B14E57977F43}.Debug Static HJW|Win32.ActiveCfg = Debug Static HJW|Win32
		{7B515FA8-C5EE-432E-9AE5-B14E57977F43}.Debug Static HJW|Win32.Build.0 = Debug Static HJW|Win32
		{7B515FA8-C5EE-432E-9AE5-B14E57977F43}.Debug Static|Win32.ActiveCfg = Debug Static|Win32
		{7B515FA8-C5EE-432E-9AE5-B14E57977F43}.Debug Static|Win32.Build.0 = Debug Static|Win32
		{7B515FA8-C5EE-432E-9AE5-B14E57977F43}.Release Static HJW|Win32.ActiveCfg = Release Static HJW|Win32
		{7B515FA8-C5EE-432E-9AE5-B14E57977F43}.Release Static HJW|Win32.Build.0 = Release Static HJW|Win32
		{7B515FA8-C5EE-432E-9AE5-B14E57977F43}.Release Static|Win32.ActiveCfg = Release Static|Win32
		{7B515FA8-C5EE-432E-9AE5-B14E57977F43}.Release Static|Win32.Build.0 = Release Static|Win32
		{7B515FA8-C5EE-432E-9AE5-B14E57977F43}.RelStatDbg|Win32.ActiveCfg = RelStatDbg|Win32
		{7B515FA8-C5EE-432E-9AE5-B14E57977F43}.RelStatDbg|Win32.Build.0 = RelStatDbg|Win32
	EndGlobalSection
	GlobalSection(SolutionProperties) = preSolution
		HideSolutionNode = FALSE
	EndGlobalSection
EndGlobal
