
Microsoft Visual Studio Solution File, Format Version 9.00
# Visual Studio 2005
Project("{8BC9CEB8-8B4A-11D0-8D11-00A0C91BC942}") = "3DNArg", "3DNArg.vcproj", "{CE74EC53-4AF5-441F-80AC-44CB6B728EAE}"
EndProject
Global
	GlobalSection(SolutionConfigurationPlatforms) = preSolution
		MT_D|Win32 = MT_D|Win32
		MT_R|Win32 = MT_R|Win32
	EndGlobalSection
	GlobalSection(ProjectConfigurationPlatforms) = postSolution
		{CE74EC53-4AF5-441F-80AC-44CB6B728EAE}.MT_D|Win32.ActiveCfg = MT_D|Win32
		{CE74EC53-4AF5-441F-80AC-44CB6B728EAE}.MT_D|Win32.Build.0 = MT_D|Win32
		{CE74EC53-4AF5-441F-80AC-44CB6B728EAE}.MT_R|Win32.ActiveCfg = MT_R|Win32
		{CE74EC53-4AF5-441F-80AC-44CB6B728EAE}.MT_R|Win32.Build.0 = MT_R|Win32
	EndGlobalSection
	GlobalSection(SolutionProperties) = preSolution
		HideSolutionNode = FALSE
	EndGlobalSection
EndGlobal
