Microsoft Visual Studio Solution File, Format Version 8.00
Project("{8BC9CEB8-8B4A-11D0-8D11-00A0C91BC942}") = "3DNArg", "3DNArg\3DNArg.vcproj", "{1B660928-01D6-4A30-87D7-A1ED3E849A80}"
	ProjectSection(ProjectDependencies) = postProject
	EndProjectSection
EndProject
Project("{8BC9CEB8-8B4A-11D0-8D11-00A0C91BC942}") = "3DNDEM", "3DNDEM\3DNDEM.vcproj", "{70513D4C-A470-44F8-9689-D27171D914E8}"
	ProjectSection(ProjectDependencies) = postProject
	EndProjectSection
EndProject
Project("{8BC9CEB8-8B4A-11D0-8D11-00A0C91BC942}") = "3DNRand", "3DNRand\3DNRand.vcproj", "{8126226D-F905-45F8-8570-408C0478D39B}"
	ProjectSection(ProjectDependencies) = postProject
	EndProjectSection
EndProject
Project("{8BC9CEB8-8B4A-11D0-8D11-00A0C91BC942}") = "3DNReq", "3DNReq\3DNReq.vcproj", "{65AC0576-EF98-44A2-A65A-74E201D546DD}"
	ProjectSection(ProjectDependencies) = postProject
	EndProjectSection
EndProject
Project("{8BC9CEB8-8B4A-11D0-8D11-00A0C91BC942}") = "3DNUseful", "3DNUseful\3DNUseful.vcproj", "{7673AF0E-5290-4ECD-B6D9-607CD557E358}"
	ProjectSection(ProjectDependencies) = postProject
	EndProjectSection
EndProject
Global
	GlobalSection(SolutionConfiguration) = preSolution
		Debug = Debug
		MT_D = MT_D
		MT_R = MT_R
		Release = Release
		ST_D = ST_D
		ST_R = ST_R
	EndGlobalSection
	GlobalSection(ProjectConfiguration) = postSolution
		{1B660928-01D6-4A30-87D7-A1ED3E849A80}.Debug.ActiveCfg = Debug|Win32
		{1B660928-01D6-4A30-87D7-A1ED3E849A80}.Debug.Build.0 = Debug|Win32
		{1B660928-01D6-4A30-87D7-A1ED3E849A80}.MT_D.ActiveCfg = MT_D|Win32
		{1B660928-01D6-4A30-87D7-A1ED3E849A80}.MT_D.Build.0 = MT_D|Win32
		{1B660928-01D6-4A30-87D7-A1ED3E849A80}.MT_R.ActiveCfg = MT_R|Win32
		{1B660928-01D6-4A30-87D7-A1ED3E849A80}.MT_R.Build.0 = MT_R|Win32
		{1B660928-01D6-4A30-87D7-A1ED3E849A80}.Release.ActiveCfg = Release|Win32
		{1B660928-01D6-4A30-87D7-A1ED3E849A80}.Release.Build.0 = Release|Win32
		{1B660928-01D6-4A30-87D7-A1ED3E849A80}.ST_D.ActiveCfg = ST_D|Win32
		{1B660928-01D6-4A30-87D7-A1ED3E849A80}.ST_D.Build.0 = ST_D|Win32
		{1B660928-01D6-4A30-87D7-A1ED3E849A80}.ST_R.ActiveCfg = ST_R|Win32
		{1B660928-01D6-4A30-87D7-A1ED3E849A80}.ST_R.Build.0 = ST_R|Win32
		{70513D4C-A470-44F8-9689-D27171D914E8}.Debug.ActiveCfg = Debug|Win32
		{70513D4C-A470-44F8-9689-D27171D914E8}.Debug.Build.0 = Debug|Win32
		{70513D4C-A470-44F8-9689-D27171D914E8}.MT_D.ActiveCfg = MT_D|Win32
		{70513D4C-A470-44F8-9689-D27171D914E8}.MT_D.Build.0 = MT_D|Win32
		{70513D4C-A470-44F8-9689-D27171D914E8}.MT_R.ActiveCfg = MT_R|Win32
		{70513D4C-A470-44F8-9689-D27171D914E8}.MT_R.Build.0 = MT_R|Win32
		{70513D4C-A470-44F8-9689-D27171D914E8}.Release.ActiveCfg = Release|Win32
		{70513D4C-A470-44F8-9689-D27171D914E8}.Release.Build.0 = Release|Win32
		{70513D4C-A470-44F8-9689-D27171D914E8}.ST_D.ActiveCfg = ST_D|Win32
		{70513D4C-A470-44F8-9689-D27171D914E8}.ST_D.Build.0 = ST_D|Win32
		{70513D4C-A470-44F8-9689-D27171D914E8}.ST_R.ActiveCfg = ST_R|Win32
		{70513D4C-A470-44F8-9689-D27171D914E8}.ST_R.Build.0 = ST_R|Win32
		{8126226D-F905-45F8-8570-408C0478D39B}.Debug.ActiveCfg = Debug|Win32
		{8126226D-F905-45F8-8570-408C0478D39B}.Debug.Build.0 = Debug|Win32
		{8126226D-F905-45F8-8570-408C0478D39B}.MT_D.ActiveCfg = MT_D|Win32
		{8126226D-F905-45F8-8570-408C0478D39B}.MT_D.Build.0 = MT_D|Win32
		{8126226D-F905-45F8-8570-408C0478D39B}.MT_R.ActiveCfg = MT_R|Win32
		{8126226D-F905-45F8-8570-408C0478D39B}.MT_R.Build.0 = MT_R|Win32
		{8126226D-F905-45F8-8570-408C0478D39B}.Release.ActiveCfg = Release|Win32
		{8126226D-F905-45F8-8570-408C0478D39B}.Release.Build.0 = Release|Win32
		{8126226D-F905-45F8-8570-408C0478D39B}.ST_D.ActiveCfg = ST_D|Win32
		{8126226D-F905-45F8-8570-408C0478D39B}.ST_D.Build.0 = ST_D|Win32
		{8126226D-F905-45F8-8570-408C0478D39B}.ST_R.ActiveCfg = ST_R|Win32
		{8126226D-F905-45F8-8570-408C0478D39B}.ST_R.Build.0 = ST_R|Win32
		{65AC0576-EF98-44A2-A65A-74E201D546DD}.Debug.ActiveCfg = Debug|Win32
		{65AC0576-EF98-44A2-A65A-74E201D546DD}.Debug.Build.0 = Debug|Win32
		{65AC0576-EF98-44A2-A65A-74E201D546DD}.MT_D.ActiveCfg = MT_D|Win32
		{65AC0576-EF98-44A2-A65A-74E201D546DD}.MT_D.Build.0 = MT_D|Win32
		{65AC0576-EF98-44A2-A65A-74E201D546DD}.MT_R.ActiveCfg = MT_R|Win32
		{65AC0576-EF98-44A2-A65A-74E201D546DD}.MT_R.Build.0 = MT_R|Win32
		{65AC0576-EF98-44A2-A65A-74E201D546DD}.Release.ActiveCfg = Release|Win32
		{65AC0576-EF98-44A2-A65A-74E201D546DD}.Release.Build.0 = Release|Win32
		{65AC0576-EF98-44A2-A65A-74E201D546DD}.ST_D.ActiveCfg = ST_D|Win32
		{65AC0576-EF98-44A2-A65A-74E201D546DD}.ST_D.Build.0 = ST_D|Win32
		{65AC0576-EF98-44A2-A65A-74E201D546DD}.ST_R.ActiveCfg = ST_R|Win32
		{65AC0576-EF98-44A2-A65A-74E201D546DD}.ST_R.Build.0 = ST_R|Win32
		{7673AF0E-5290-4ECD-B6D9-607CD557E358}.Debug.ActiveCfg = Debug|Win32
		{7673AF0E-5290-4ECD-B6D9-607CD557E358}.Debug.Build.0 = Debug|Win32
		{7673AF0E-5290-4ECD-B6D9-607CD557E358}.MT_D.ActiveCfg = MT_D|Win32
		{7673AF0E-5290-4ECD-B6D9-607CD557E358}.MT_D.Build.0 = MT_D|Win32
		{7673AF0E-5290-4ECD-B6D9-607CD557E358}.MT_R.ActiveCfg = MT_R|Win32
		{7673AF0E-5290-4ECD-B6D9-607CD557E358}.MT_R.Build.0 = MT_R|Win32
		{7673AF0E-5290-4ECD-B6D9-607CD557E358}.Release.ActiveCfg = Release|Win32
		{7673AF0E-5290-4ECD-B6D9-607CD557E358}.Release.Build.0 = Release|Win32
		{7673AF0E-5290-4ECD-B6D9-607CD557E358}.ST_D.ActiveCfg = ST_D|Win32
		{7673AF0E-5290-4ECD-B6D9-607CD557E358}.ST_D.Build.0 = ST_D|Win32
		{7673AF0E-5290-4ECD-B6D9-607CD557E358}.ST_R.ActiveCfg = ST_R|Win32
		{7673AF0E-5290-4ECD-B6D9-607CD557E358}.ST_R.Build.0 = ST_R|Win32
	EndGlobalSection
	GlobalSection(ExtensibilityGlobals) = postSolution
	EndGlobalSection
	GlobalSection(ExtensibilityAddIns) = postSolution
	EndGlobalSection
EndGlobal
