
Microsoft Visual Studio Solution File, Format Version 9.00
# Visual Studio 2005
Project("{8BC9CEB8-8B4A-11D0-8D11-00A0C91BC942}") = "3DNDEM", "3DNDEM.vcproj", "{5244EF06-2C5F-4E45-A0CA-8F6A7537B5B4}"
EndProject
Global
	GlobalSection(SolutionConfigurationPlatforms) = preSolution
		MT_D|Win32 = MT_D|Win32
		MT_R|Win32 = MT_R|Win32
	EndGlobalSection
	GlobalSection(ProjectConfigurationPlatforms) = postSolution
		{5244EF06-2C5F-4E45-A0CA-8F6A7537B5B4}.MT_D|Win32.ActiveCfg = MT_D|Win32
		{5244EF06-2C5F-4E45-A0CA-8F6A7537B5B4}.MT_D|Win32.Build.0 = MT_D|Win32
		{5244EF06-2C5F-4E45-A0CA-8F6A7537B5B4}.MT_R|Win32.ActiveCfg = MT_R|Win32
		{5244EF06-2C5F-4E45-A0CA-8F6A7537B5B4}.MT_R|Win32.Build.0 = MT_R|Win32
	EndGlobalSection
	GlobalSection(SolutionProperties) = preSolution
		HideSolutionNode = FALSE
	EndGlobalSection
EndGlobal
